{
  "name": "discord-image-bot",
  "version": "2.0.0",
  "lockfileVersion": 3,
  "requires": true,
  "packages": {
    "": {
      "name": "discord-image-bot",
      "version": "2.0.0",
      "dependencies": {
        "discord-interactions": "^4.2.0"
      }
    },
    "node_modules/discord-interactions": {
      "version": "4.4.0",
      "resolved": "https://registry.npmjs.org/discord-interactions/-/discord-interactions-4.4.0.tgz",
      "integrity": "sha512-jjJx8iwAeJcj8oEauV43fue9lNqkf38fy60aSs2+G8D1nJmDxUIrk08o3h0F3wgwuBWWJUZO+X/VgfXsxpCiJA==",
      "license": "MIT",
      "engines": {
        "node": ">=18.4.0"
      }
    }
  }
}
